
Microsoft Visual Studio Solution File, Format Version 11.00
# Visual Studio 2010
Project("{2150E333-8FDC-42A3-9474-1A3956D46DE8}") = "Repositories", "Repositories", "{EC69998D-C03B-4251-921B-8558FE8A17EE}"
EndProject
Project("{FAE04EC0-301F-11D3-BF4B-00C04F79EFBC}") = "GitHubSoap.Repositories.Implementation", "GitHubSoap.Repositories.Implementation\GitHubSoap.Repositories.Implementation.csproj", "{11D1F410-5560-4574-8D86-34A28A4171AB}"
EndProject
Project("{2150E333-8FDC-42A3-9474-1A3956D46DE8}") = "Services", "Services", "{86D3E76F-EE47-45F6-9B36-52C289115884}"
EndProject
Project("{FAE04EC0-301F-11D3-BF4B-00C04F79EFBC}") = "GitHubSoap.Services.Implementation", "GitHubSoap.Services.Implementation\GitHubSoap.Services.Implementation.csproj", "{B1810FC2-D628-4ED6-B6F3-45EFAC1CD2B8}"
EndProject
Project("{2150E333-8FDC-42A3-9474-1A3956D46DE8}") = "Domain", "Domain", "{0FBFD498-CBAF-4E02-94FC-DFD636BF1579}"
EndProject
Project("{FAE04EC0-301F-11D3-BF4B-00C04F79EFBC}") = "GitHubSoap.Domain", "GitHubSoap.Domain\GitHubSoap.Domain.csproj", "{20968ABF-3B2C-4EA2-B595-F26BE96339C7}"
EndProject
Project("{2150E333-8FDC-42A3-9474-1A3956D46DE8}") = "Infrastructure", "Infrastructure", "{09343F4B-5019-4887-88BF-AB984A79E1A3}"
EndProject
Project("{FAE04EC0-301F-11D3-BF4B-00C04F79EFBC}") = "GitHubSoap.IoC", "GitHubSoap.IoC\GitHubSoap.IoC.csproj", "{3D8FEF75-69E7-4516-952D-57D759CF3A97}"
EndProject
Project("{2150E333-8FDC-42A3-9474-1A3956D46DE8}") = "Servers", "Servers", "{3F6F8790-956D-4364-848B-7735750D3797}"
EndProject
Project("{FAE04EC0-301F-11D3-BF4B-00C04F79EFBC}") = "GitHubSoap.Server", "GitHubSoap.Server\GitHubSoap.Server.csproj", "{9A087AF3-E442-45B3-9474-A5DD09AC4265}"
EndProject
Project("{2150E333-8FDC-42A3-9474-1A3956D46DE8}") = "Clients", "Clients", "{A725E258-BF11-4E34-9932-97B56CF005E9}"
EndProject
Project("{FAE04EC0-301F-11D3-BF4B-00C04F79EFBC}") = "GitHubSoap.Client", "GitHubSoap.Client\GitHubSoap.Client.csproj", "{9CC96A4F-F9E5-4FD4-9A6F-1C7C88611B99}"
EndProject
Project("{FAE04EC0-301F-11D3-BF4B-00C04F79EFBC}") = "GitHubSoap.Client.Batching", "GitHubSoap.Client.Batching\GitHubSoap.Client.Batching.csproj", "{683F609A-38EB-4ABF-85DA-A10E17E88CBD}"
EndProject
Project("{2150E333-8FDC-42A3-9474-1A3956D46DE8}") = "Contracts", "Contracts", "{A60CCDFD-F376-4915-A7B7-428949AF4E7A}"
EndProject
Project("{2150E333-8FDC-42A3-9474-1A3956D46DE8}") = "Implementation", "Implementation", "{CA81E81B-3B4A-4EA2-9C18-8D2F18A086D4}"
EndProject
Project("{2150E333-8FDC-42A3-9474-1A3956D46DE8}") = "Contracts", "Contracts", "{A88BD6E3-9C51-4AAD-B18D-7066A4E6F243}"
EndProject
Project("{2150E333-8FDC-42A3-9474-1A3956D46DE8}") = "Implementation", "Implementation", "{D216772A-00C9-4BBD-A5FD-2DA2E204A5DC}"
EndProject
Project("{2150E333-8FDC-42A3-9474-1A3956D46DE8}") = "IoC", "IoC", "{228CFCAF-9F88-4ADD-BD77-7EFD8DFF5FCC}"
EndProject
Project("{2150E333-8FDC-42A3-9474-1A3956D46DE8}") = "Security", "Security", "{8B587C18-9994-4180-A4DC-86EE22F87B67}"
EndProject
Project("{2150E333-8FDC-42A3-9474-1A3956D46DE8}") = "Contracts", "Contracts", "{0DB4DE5E-7C61-420E-9209-97A4996346EA}"
EndProject
Project("{2150E333-8FDC-42A3-9474-1A3956D46DE8}") = "Implementation", "Implementation", "{BBA02D1E-3C27-4515-A86F-261AA1C787EC}"
EndProject
Project("{FAE04EC0-301F-11D3-BF4B-00C04F79EFBC}") = "GitHubSoap.Security.Authentication.InMemory", "GitHubSoap.Security.Authentication.InMemory\GitHubSoap.Security.Authentication.InMemory.csproj", "{64870667-16E6-4264-AD79-454ECF42ED26}"
EndProject
Project("{FAE04EC0-301F-11D3-BF4B-00C04F79EFBC}") = "GitHubSoap.Security.Authorization.InMemory", "GitHubSoap.Security.Authorization.InMemory\GitHubSoap.Security.Authorization.InMemory.csproj", "{F774362F-CA26-4688-96B5-9C306732CA31}"
EndProject
Project("{FAE04EC0-301F-11D3-BF4B-00C04F79EFBC}") = "GitHubSoap.Services.Contracts", "GitHubSoap.Services.Contracts\GitHubSoap.Services.Contracts.csproj", "{6D69520D-AF03-4BA7-A8D6-4D68260102A0}"
EndProject
Project("{FAE04EC0-301F-11D3-BF4B-00C04F79EFBC}") = "GitHubSoap.Security.Contracts", "GitHubSoap.Security.Contracts\GitHubSoap.Security.Contracts.csproj", "{9EED1FB7-78F6-4693-8555-A105BFA97DEE}"
EndProject
Project("{FAE04EC0-301F-11D3-BF4B-00C04F79EFBC}") = "GitHubSoap.Repositories.Contracts", "GitHubSoap.Repositories.Contracts\GitHubSoap.Repositories.Contracts.csproj", "{2FB2C9F9-AE69-43F7-AC07-1D1F50B87008}"
EndProject
Global
	GlobalSection(SolutionConfigurationPlatforms) = preSolution
		Debug|Any CPU = Debug|Any CPU
		Debug|Mixed Platforms = Debug|Mixed Platforms
		Debug|x86 = Debug|x86
		Release|Any CPU = Release|Any CPU
		Release|Mixed Platforms = Release|Mixed Platforms
		Release|x86 = Release|x86
	EndGlobalSection
	GlobalSection(ProjectConfigurationPlatforms) = postSolution
		{11D1F410-5560-4574-8D86-34A28A4171AB}.Debug|Any CPU.ActiveCfg = Debug|Any CPU
		{11D1F410-5560-4574-8D86-34A28A4171AB}.Debug|Any CPU.Build.0 = Debug|Any CPU
		{11D1F410-5560-4574-8D86-34A28A4171AB}.Debug|Mixed Platforms.ActiveCfg = Debug|Any CPU
		{11D1F410-5560-4574-8D86-34A28A4171AB}.Debug|Mixed Platforms.Build.0 = Debug|Any CPU
		{11D1F410-5560-4574-8D86-34A28A4171AB}.Debug|x86.ActiveCfg = Debug|Any CPU
		{11D1F410-5560-4574-8D86-34A28A4171AB}.Release|Any CPU.ActiveCfg = Release|Any CPU
		{11D1F410-5560-4574-8D86-34A28A4171AB}.Release|Any CPU.Build.0 = Release|Any CPU
		{11D1F410-5560-4574-8D86-34A28A4171AB}.Release|Mixed Platforms.ActiveCfg = Release|Any CPU
		{11D1F410-5560-4574-8D86-34A28A4171AB}.Release|Mixed Platforms.Build.0 = Release|Any CPU
		{11D1F410-5560-4574-8D86-34A28A4171AB}.Release|x86.ActiveCfg = Release|Any CPU
		{B1810FC2-D628-4ED6-B6F3-45EFAC1CD2B8}.Debug|Any CPU.ActiveCfg = Debug|Any CPU
		{B1810FC2-D628-4ED6-B6F3-45EFAC1CD2B8}.Debug|Any CPU.Build.0 = Debug|Any CPU
		{B1810FC2-D628-4ED6-B6F3-45EFAC1CD2B8}.Debug|Mixed Platforms.ActiveCfg = Debug|Any CPU
		{B1810FC2-D628-4ED6-B6F3-45EFAC1CD2B8}.Debug|Mixed Platforms.Build.0 = Debug|Any CPU
		{B1810FC2-D628-4ED6-B6F3-45EFAC1CD2B8}.Debug|x86.ActiveCfg = Debug|Any CPU
		{B1810FC2-D628-4ED6-B6F3-45EFAC1CD2B8}.Release|Any CPU.ActiveCfg = Release|Any CPU
		{B1810FC2-D628-4ED6-B6F3-45EFAC1CD2B8}.Release|Any CPU.Build.0 = Release|Any CPU
		{B1810FC2-D628-4ED6-B6F3-45EFAC1CD2B8}.Release|Mixed Platforms.ActiveCfg = Release|Any CPU
		{B1810FC2-D628-4ED6-B6F3-45EFAC1CD2B8}.Release|Mixed Platforms.Build.0 = Release|Any CPU
		{B1810FC2-D628-4ED6-B6F3-45EFAC1CD2B8}.Release|x86.ActiveCfg = Release|Any CPU
		{20968ABF-3B2C-4EA2-B595-F26BE96339C7}.Debug|Any CPU.ActiveCfg = Debug|Any CPU
		{20968ABF-3B2C-4EA2-B595-F26BE96339C7}.Debug|Any CPU.Build.0 = Debug|Any CPU
		{20968ABF-3B2C-4EA2-B595-F26BE96339C7}.Debug|Mixed Platforms.ActiveCfg = Debug|Any CPU
		{20968ABF-3B2C-4EA2-B595-F26BE96339C7}.Debug|Mixed Platforms.Build.0 = Debug|Any CPU
		{20968ABF-3B2C-4EA2-B595-F26BE96339C7}.Debug|x86.ActiveCfg = Debug|Any CPU
		{20968ABF-3B2C-4EA2-B595-F26BE96339C7}.Release|Any CPU.ActiveCfg = Release|Any CPU
		{20968ABF-3B2C-4EA2-B595-F26BE96339C7}.Release|Any CPU.Build.0 = Release|Any CPU
		{20968ABF-3B2C-4EA2-B595-F26BE96339C7}.Release|Mixed Platforms.ActiveCfg = Release|Any CPU
		{20968ABF-3B2C-4EA2-B595-F26BE96339C7}.Release|Mixed Platforms.Build.0 = Release|Any CPU
		{20968ABF-3B2C-4EA2-B595-F26BE96339C7}.Release|x86.ActiveCfg = Release|Any CPU
		{3D8FEF75-69E7-4516-952D-57D759CF3A97}.Debug|Any CPU.ActiveCfg = Debug|Any CPU
		{3D8FEF75-69E7-4516-952D-57D759CF3A97}.Debug|Any CPU.Build.0 = Debug|Any CPU
		{3D8FEF75-69E7-4516-952D-57D759CF3A97}.Debug|Mixed Platforms.ActiveCfg = Debug|Any CPU
		{3D8FEF75-69E7-4516-952D-57D759CF3A97}.Debug|Mixed Platforms.Build.0 = Debug|Any CPU
		{3D8FEF75-69E7-4516-952D-57D759CF3A97}.Debug|x86.ActiveCfg = Debug|Any CPU
		{3D8FEF75-69E7-4516-952D-57D759CF3A97}.Release|Any CPU.ActiveCfg = Release|Any CPU
		{3D8FEF75-69E7-4516-952D-57D759CF3A97}.Release|Any CPU.Build.0 = Release|Any CPU
		{3D8FEF75-69E7-4516-952D-57D759CF3A97}.Release|Mixed Platforms.ActiveCfg = Release|Any CPU
		{3D8FEF75-69E7-4516-952D-57D759CF3A97}.Release|Mixed Platforms.Build.0 = Release|Any CPU
		{3D8FEF75-69E7-4516-952D-57D759CF3A97}.Release|x86.ActiveCfg = Release|Any CPU
		{9A087AF3-E442-45B3-9474-A5DD09AC4265}.Debug|Any CPU.ActiveCfg = Debug|x86
		{9A087AF3-E442-45B3-9474-A5DD09AC4265}.Debug|Mixed Platforms.ActiveCfg = Debug|x86
		{9A087AF3-E442-45B3-9474-A5DD09AC4265}.Debug|Mixed Platforms.Build.0 = Debug|x86
		{9A087AF3-E442-45B3-9474-A5DD09AC4265}.Debug|x86.ActiveCfg = Debug|x86
		{9A087AF3-E442-45B3-9474-A5DD09AC4265}.Debug|x86.Build.0 = Debug|x86
		{9A087AF3-E442-45B3-9474-A5DD09AC4265}.Release|Any CPU.ActiveCfg = Release|x86
		{9A087AF3-E442-45B3-9474-A5DD09AC4265}.Release|Mixed Platforms.ActiveCfg = Release|x86
		{9A087AF3-E442-45B3-9474-A5DD09AC4265}.Release|Mixed Platforms.Build.0 = Release|x86
		{9A087AF3-E442-45B3-9474-A5DD09AC4265}.Release|x86.ActiveCfg = Release|x86
		{9A087AF3-E442-45B3-9474-A5DD09AC4265}.Release|x86.Build.0 = Release|x86
		{9CC96A4F-F9E5-4FD4-9A6F-1C7C88611B99}.Debug|Any CPU.ActiveCfg = Debug|x86
		{9CC96A4F-F9E5-4FD4-9A6F-1C7C88611B99}.Debug|Mixed Platforms.ActiveCfg = Debug|x86
		{9CC96A4F-F9E5-4FD4-9A6F-1C7C88611B99}.Debug|Mixed Platforms.Build.0 = Debug|x86
		{9CC96A4F-F9E5-4FD4-9A6F-1C7C88611B99}.Debug|x86.ActiveCfg = Debug|x86
		{9CC96A4F-F9E5-4FD4-9A6F-1C7C88611B99}.Debug|x86.Build.0 = Debug|x86
		{9CC96A4F-F9E5-4FD4-9A6F-1C7C88611B99}.Release|Any CPU.ActiveCfg = Release|x86
		{9CC96A4F-F9E5-4FD4-9A6F-1C7C88611B99}.Release|Mixed Platforms.ActiveCfg = Release|x86
		{9CC96A4F-F9E5-4FD4-9A6F-1C7C88611B99}.Release|Mixed Platforms.Build.0 = Release|x86
		{9CC96A4F-F9E5-4FD4-9A6F-1C7C88611B99}.Release|x86.ActiveCfg = Release|x86
		{9CC96A4F-F9E5-4FD4-9A6F-1C7C88611B99}.Release|x86.Build.0 = Release|x86
		{683F609A-38EB-4ABF-85DA-A10E17E88CBD}.Debug|Any CPU.ActiveCfg = Debug|x86
		{683F609A-38EB-4ABF-85DA-A10E17E88CBD}.Debug|Mixed Platforms.ActiveCfg = Debug|x86
		{683F609A-38EB-4ABF-85DA-A10E17E88CBD}.Debug|Mixed Platforms.Build.0 = Debug|x86
		{683F609A-38EB-4ABF-85DA-A10E17E88CBD}.Debug|x86.ActiveCfg = Debug|x86
		{683F609A-38EB-4ABF-85DA-A10E17E88CBD}.Debug|x86.Build.0 = Debug|x86
		{683F609A-38EB-4ABF-85DA-A10E17E88CBD}.Release|Any CPU.ActiveCfg = Release|x86
		{683F609A-38EB-4ABF-85DA-A10E17E88CBD}.Release|Mixed Platforms.ActiveCfg = Release|x86
		{683F609A-38EB-4ABF-85DA-A10E17E88CBD}.Release|Mixed Platforms.Build.0 = Release|x86
		{683F609A-38EB-4ABF-85DA-A10E17E88CBD}.Release|x86.ActiveCfg = Release|x86
		{683F609A-38EB-4ABF-85DA-A10E17E88CBD}.Release|x86.Build.0 = Release|x86
		{64870667-16E6-4264-AD79-454ECF42ED26}.Debug|Any CPU.ActiveCfg = Debug|Any CPU
		{64870667-16E6-4264-AD79-454ECF42ED26}.Debug|Any CPU.Build.0 = Debug|Any CPU
		{64870667-16E6-4264-AD79-454ECF42ED26}.Debug|Mixed Platforms.ActiveCfg = Debug|Any CPU
		{64870667-16E6-4264-AD79-454ECF42ED26}.Debug|Mixed Platforms.Build.0 = Debug|Any CPU
		{64870667-16E6-4264-AD79-454ECF42ED26}.Debug|x86.ActiveCfg = Debug|Any CPU
		{64870667-16E6-4264-AD79-454ECF42ED26}.Release|Any CPU.ActiveCfg = Release|Any CPU
		{64870667-16E6-4264-AD79-454ECF42ED26}.Release|Any CPU.Build.0 = Release|Any CPU
		{64870667-16E6-4264-AD79-454ECF42ED26}.Release|Mixed Platforms.ActiveCfg = Release|Any CPU
		{64870667-16E6-4264-AD79-454ECF42ED26}.Release|Mixed Platforms.Build.0 = Release|Any CPU
		{64870667-16E6-4264-AD79-454ECF42ED26}.Release|x86.ActiveCfg = Release|Any CPU
		{F774362F-CA26-4688-96B5-9C306732CA31}.Debug|Any CPU.ActiveCfg = Debug|Any CPU
		{F774362F-CA26-4688-96B5-9C306732CA31}.Debug|Any CPU.Build.0 = Debug|Any CPU
		{F774362F-CA26-4688-96B5-9C306732CA31}.Debug|Mixed Platforms.ActiveCfg = Debug|Any CPU
		{F774362F-CA26-4688-96B5-9C306732CA31}.Debug|Mixed Platforms.Build.0 = Debug|Any CPU
		{F774362F-CA26-4688-96B5-9C306732CA31}.Debug|x86.ActiveCfg = Debug|Any CPU
		{F774362F-CA26-4688-96B5-9C306732CA31}.Release|Any CPU.ActiveCfg = Release|Any CPU
		{F774362F-CA26-4688-96B5-9C306732CA31}.Release|Any CPU.Build.0 = Release|Any CPU
		{F774362F-CA26-4688-96B5-9C306732CA31}.Release|Mixed Platforms.ActiveCfg = Release|Any CPU
		{F774362F-CA26-4688-96B5-9C306732CA31}.Release|Mixed Platforms.Build.0 = Release|Any CPU
		{F774362F-CA26-4688-96B5-9C306732CA31}.Release|x86.ActiveCfg = Release|Any CPU
		{6D69520D-AF03-4BA7-A8D6-4D68260102A0}.Debug|Any CPU.ActiveCfg = Debug|Any CPU
		{6D69520D-AF03-4BA7-A8D6-4D68260102A0}.Debug|Any CPU.Build.0 = Debug|Any CPU
		{6D69520D-AF03-4BA7-A8D6-4D68260102A0}.Debug|Mixed Platforms.ActiveCfg = Debug|Any CPU
		{6D69520D-AF03-4BA7-A8D6-4D68260102A0}.Debug|Mixed Platforms.Build.0 = Debug|Any CPU
		{6D69520D-AF03-4BA7-A8D6-4D68260102A0}.Debug|x86.ActiveCfg = Debug|Any CPU
		{6D69520D-AF03-4BA7-A8D6-4D68260102A0}.Release|Any CPU.ActiveCfg = Release|Any CPU
		{6D69520D-AF03-4BA7-A8D6-4D68260102A0}.Release|Any CPU.Build.0 = Release|Any CPU
		{6D69520D-AF03-4BA7-A8D6-4D68260102A0}.Release|Mixed Platforms.ActiveCfg = Release|Any CPU
		{6D69520D-AF03-4BA7-A8D6-4D68260102A0}.Release|Mixed Platforms.Build.0 = Release|Any CPU
		{6D69520D-AF03-4BA7-A8D6-4D68260102A0}.Release|x86.ActiveCfg = Release|Any CPU
		{9EED1FB7-78F6-4693-8555-A105BFA97DEE}.Debug|Any CPU.ActiveCfg = Debug|Any CPU
		{9EED1FB7-78F6-4693-8555-A105BFA97DEE}.Debug|Any CPU.Build.0 = Debug|Any CPU
		{9EED1FB7-78F6-4693-8555-A105BFA97DEE}.Debug|Mixed Platforms.ActiveCfg = Debug|Any CPU
		{9EED1FB7-78F6-4693-8555-A105BFA97DEE}.Debug|Mixed Platforms.Build.0 = Debug|Any CPU
		{9EED1FB7-78F6-4693-8555-A105BFA97DEE}.Debug|x86.ActiveCfg = Debug|Any CPU
		{9EED1FB7-78F6-4693-8555-A105BFA97DEE}.Release|Any CPU.ActiveCfg = Release|Any CPU
		{9EED1FB7-78F6-4693-8555-A105BFA97DEE}.Release|Any CPU.Build.0 = Release|Any CPU
		{9EED1FB7-78F6-4693-8555-A105BFA97DEE}.Release|Mixed Platforms.ActiveCfg = Release|Any CPU
		{9EED1FB7-78F6-4693-8555-A105BFA97DEE}.Release|Mixed Platforms.Build.0 = Release|Any CPU
		{9EED1FB7-78F6-4693-8555-A105BFA97DEE}.Release|x86.ActiveCfg = Release|Any CPU
		{2FB2C9F9-AE69-43F7-AC07-1D1F50B87008}.Debug|Any CPU.ActiveCfg = Debug|Any CPU
		{2FB2C9F9-AE69-43F7-AC07-1D1F50B87008}.Debug|Any CPU.Build.0 = Debug|Any CPU
		{2FB2C9F9-AE69-43F7-AC07-1D1F50B87008}.Debug|Mixed Platforms.ActiveCfg = Debug|Any CPU
		{2FB2C9F9-AE69-43F7-AC07-1D1F50B87008}.Debug|Mixed Platforms.Build.0 = Debug|Any CPU
		{2FB2C9F9-AE69-43F7-AC07-1D1F50B87008}.Debug|x86.ActiveCfg = Debug|Any CPU
		{2FB2C9F9-AE69-43F7-AC07-1D1F50B87008}.Release|Any CPU.ActiveCfg = Release|Any CPU
		{2FB2C9F9-AE69-43F7-AC07-1D1F50B87008}.Release|Any CPU.Build.0 = Release|Any CPU
		{2FB2C9F9-AE69-43F7-AC07-1D1F50B87008}.Release|Mixed Platforms.ActiveCfg = Release|Any CPU
		{2FB2C9F9-AE69-43F7-AC07-1D1F50B87008}.Release|Mixed Platforms.Build.0 = Release|Any CPU
		{2FB2C9F9-AE69-43F7-AC07-1D1F50B87008}.Release|x86.ActiveCfg = Release|Any CPU
	EndGlobalSection
	GlobalSection(SolutionProperties) = preSolution
		HideSolutionNode = FALSE
	EndGlobalSection
	GlobalSection(NestedProjects) = preSolution
		{CA81E81B-3B4A-4EA2-9C18-8D2F18A086D4} = {EC69998D-C03B-4251-921B-8558FE8A17EE}
		{A60CCDFD-F376-4915-A7B7-428949AF4E7A} = {EC69998D-C03B-4251-921B-8558FE8A17EE}
		{11D1F410-5560-4574-8D86-34A28A4171AB} = {CA81E81B-3B4A-4EA2-9C18-8D2F18A086D4}
		{D216772A-00C9-4BBD-A5FD-2DA2E204A5DC} = {86D3E76F-EE47-45F6-9B36-52C289115884}
		{A88BD6E3-9C51-4AAD-B18D-7066A4E6F243} = {86D3E76F-EE47-45F6-9B36-52C289115884}
		{B1810FC2-D628-4ED6-B6F3-45EFAC1CD2B8} = {D216772A-00C9-4BBD-A5FD-2DA2E204A5DC}
		{20968ABF-3B2C-4EA2-B595-F26BE96339C7} = {0FBFD498-CBAF-4E02-94FC-DFD636BF1579}
		{228CFCAF-9F88-4ADD-BD77-7EFD8DFF5FCC} = {09343F4B-5019-4887-88BF-AB984A79E1A3}
		{8B587C18-9994-4180-A4DC-86EE22F87B67} = {09343F4B-5019-4887-88BF-AB984A79E1A3}
		{3D8FEF75-69E7-4516-952D-57D759CF3A97} = {228CFCAF-9F88-4ADD-BD77-7EFD8DFF5FCC}
		{9A087AF3-E442-45B3-9474-A5DD09AC4265} = {3F6F8790-956D-4364-848B-7735750D3797}
		{9CC96A4F-F9E5-4FD4-9A6F-1C7C88611B99} = {A725E258-BF11-4E34-9932-97B56CF005E9}
		{683F609A-38EB-4ABF-85DA-A10E17E88CBD} = {A725E258-BF11-4E34-9932-97B56CF005E9}
		{2FB2C9F9-AE69-43F7-AC07-1D1F50B87008} = {A60CCDFD-F376-4915-A7B7-428949AF4E7A}
		{6D69520D-AF03-4BA7-A8D6-4D68260102A0} = {A88BD6E3-9C51-4AAD-B18D-7066A4E6F243}
		{0DB4DE5E-7C61-420E-9209-97A4996346EA} = {8B587C18-9994-4180-A4DC-86EE22F87B67}
		{BBA02D1E-3C27-4515-A86F-261AA1C787EC} = {8B587C18-9994-4180-A4DC-86EE22F87B67}
		{9EED1FB7-78F6-4693-8555-A105BFA97DEE} = {0DB4DE5E-7C61-420E-9209-97A4996346EA}
		{64870667-16E6-4264-AD79-454ECF42ED26} = {BBA02D1E-3C27-4515-A86F-261AA1C787EC}
		{F774362F-CA26-4688-96B5-9C306732CA31} = {BBA02D1E-3C27-4515-A86F-261AA1C787EC}
	EndGlobalSection
EndGlobal
